<?xml version="1.0" encoding="utf-8"?>
<Project ToolsVersion="4.0" xmlns="http://schemas.microsoft.com/developer/msbuild/2003">
  <ItemGroup>
    <Filter Include="Source Files">
      <UniqueIdentifier>{4FC737F1-C7A5-4376-A066-2A32D752A2FF}</UniqueIdentifier>
      <Extensions>cpp;c;cc;cxx;c++;cppm;ixx;def;odl;idl;hpj;bat;asm;asmx</Extensions>
    </Filter>
    <Filter Include="Header Files">
      <UniqueIdentifier>{93995380-89BD-4b04-88EB-625FBE52EBFB}</UniqueIdentifier>
      <Extensions>h;hh;hpp;hxx;h++;hm;inl;inc;ipp;xsd</Extensions>
    </Filter>
    <Filter Include="Resource Files">
      <UniqueIdentifier>{67DA6AB6-F800-4c08-8B7A-83BB121AAD01}</UniqueIdentifier>
      <Extensions>rc;ico;cur;bmp;dlg;rc2;rct;bin;rgs;gif;jpg;jpeg;jpe;resx;tiff;tif;png;wav;mfcribbon-ms</Extensions>
    </Filter>
    <Filter Include="Header Files\Cheats">
      <UniqueIdentifier>{d547f187-9030-49f7-b73b-fc7221430bc0}</UniqueIdentifier>
    </Filter>
    <Filter Include="Header Files\Web">
      <UniqueIdentifier>{b8271d84-ce2f-4525-9c32-eee8d81139d6}</UniqueIdentifier>
    </Filter>
  </ItemGroup>
  <ItemGroup>
    <ClCompile Include="main.cpp">
      <Filter>Source Files</Filter>
    </ClCompile>
  </ItemGroup>
  <ItemGroup>
    <ClInclude Include="Auth.hpp">
      <Filter>Header Files</Filter>
    </ClInclude>
    <ClInclude Include="NightfallCheat.hpp">
      <Filter>Header Files\Cheats</Filter>
    </ClInclude>
    <ClInclude Include="NoRecoil.hpp">
      <Filter>Header Files\Cheats</Filter>
    </ClInclude>
    <ClInclude Include="CheatManager.hpp">
      <Filter>Header Files\Cheats</Filter>
    </ClInclude>
    <ClInclude Include="BloomReducer.hpp">
      <Filter>Header Files\Cheats</Filter>
    </ClInclude>
    <ClInclude Include="RapidPickup.hpp">
      <Filter>Header Files\Cheats</Filter>
    </ClInclude>
    <ClInclude Include="Hooks.hpp">
      <Filter>Header Files</Filter>
    </ClInclude>
    <ClInclude Include="Keybinds.hpp">
      <Filter>Header Files</Filter>
    </ClInclude>
    <ClInclude Include="BuildTracker.hpp">
      <Filter>Header Files</Filter>
    </ClInclude>
    <ClInclude Include="WebServer.hpp">
      <Filter>Header Files</Filter>
    </ClInclude>
    <ClInclude Include="Utils.hpp">
      <Filter>Header Files</Filter>
    </ClInclude>
    <ClInclude Include="HTML.hpp">
      <Filter>Header Files\Web</Filter>
    </ClInclude>
  </ItemGroup>
  <ItemGroup>
    <None Include="html2.htm" />
    <None Include="home.html" />
  </ItemGroup>
</Project>